
Microsoft Visual Studio Solution File, Format Version 12.00
# Visual Studio Version 17
VisualStudioVersion = 17.11.35327.3
MinimumVisualStudioVersion = 10.0.40219.1
Project("{9A19103F-16F7-4668-BE54-9A1E7A4F7556}") = "Collectionss", "Collectionss\Collectionss.csproj", "{931C994F-198D-47C8-8E19-AC3A31DC4B2B}"
EndProject
Project("{9A19103F-16F7-4668-BE54-9A1E7A4F7556}") = "DBConnectProject", "DBConnectProject\DBConnectProject.csproj", "{823E3B18-6769-4BA0-9E09-67CB311D2629}"
EndProject
Project("{FAE04EC0-301F-11D3-BF4B-00C04F79EFBC}") = "Generic", "Generic\Generic.csproj", "{8C3B83A3-64E7-4AB6-B00D-D40205061A3E}"
EndProject
Global
	GlobalSection(SolutionConfigurationPlatforms) = preSolution
		Debug|Any CPU = Debug|Any CPU
		Release|Any CPU = Release|Any CPU
	EndGlobalSection
	GlobalSection(ProjectConfigurationPlatforms) = postSolution
		{931C994F-198D-47C8-8E19-AC3A31DC4B2B}.Debug|Any CPU.ActiveCfg = Debug|Any CPU
		{931C994F-198D-47C8-8E19-AC3A31DC4B2B}.Debug|Any CPU.Build.0 = Debug|Any CPU
		{931C994F-198D-47C8-8E19-AC3A31DC4B2B}.Release|Any CPU.ActiveCfg = Release|Any CPU
		{931C994F-198D-47C8-8E19-AC3A31DC4B2B}.Release|Any CPU.Build.0 = Release|Any CPU
		{823E3B18-6769-4BA0-9E09-67CB311D2629}.Debug|Any CPU.ActiveCfg = Debug|Any CPU
		{823E3B18-6769-4BA0-9E09-67CB311D2629}.Debug|Any CPU.Build.0 = Debug|Any CPU
		{823E3B18-6769-4BA0-9E09-67CB311D2629}.Release|Any CPU.ActiveCfg = Release|Any CPU
		{823E3B18-6769-4BA0-9E09-67CB311D2629}.Release|Any CPU.Build.0 = Release|Any CPU
		{8C3B83A3-64E7-4AB6-B00D-D40205061A3E}.Debug|Any CPU.ActiveCfg = Debug|Any CPU
		{8C3B83A3-64E7-4AB6-B00D-D40205061A3E}.Debug|Any CPU.Build.0 = Debug|Any CPU
		{8C3B83A3-64E7-4AB6-B00D-D40205061A3E}.Release|Any CPU.ActiveCfg = Release|Any CPU
		{8C3B83A3-64E7-4AB6-B00D-D40205061A3E}.Release|Any CPU.Build.0 = Release|Any CPU
	EndGlobalSection
	GlobalSection(SolutionProperties) = preSolution
		HideSolutionNode = FALSE
	EndGlobalSection
	GlobalSection(ExtensibilityGlobals) = postSolution
		SolutionGuid = {CD65DA60-9DE9-4624-9496-306F87C02D33}
	EndGlobalSection
EndGlobal
